
Microsoft Visual Studio Solution File, Format Version 12.00
# Visual Studio 15
VisualStudioVersion = 15.0.28307.136
MinimumVisualStudioVersion = 10.0.40219.1
Project("{FAE04EC0-301F-11D3-BF4B-00C04F79EFBC}") = "ComicManager", "ComicManager\ComicManager.csproj", "{375BEF26-06CF-4BF5-91A9-8CCB208BEC9A}"
EndProject
Global
	GlobalSection(SolutionConfigurationPlatforms) = preSolution
		Debug|Any CPU = Debug|Any CPU
		Release|Any CPU = Release|Any CPU
	EndGlobalSection
	GlobalSection(ProjectConfigurationPlatforms) = postSolution
		{375BEF26-06CF-4BF5-91A9-8CCB208BEC9A}.Debug|Any CPU.ActiveCfg = Debug|Any CPU
		{375BEF26-06CF-4BF5-91A9-8CCB208BEC9A}.Debug|Any CPU.Build.0 = Debug|Any CPU
		{375BEF26-06CF-4BF5-91A9-8CCB208BEC9A}.Release|Any CPU.ActiveCfg = Release|Any CPU
		{375BEF26-06CF-4BF5-91A9-8CCB208BEC9A}.Release|Any CPU.Build.0 = Release|Any CPU
	EndGlobalSection
	GlobalSection(SolutionProperties) = preSolution
		HideSolutionNode = FALSE
	EndGlobalSection
	GlobalSection(ExtensibilityGlobals) = postSolution
		SolutionGuid = {E7ED85CA-9B52-4CC3-BC75-A4FCD69AAC32}
	EndGlobalSection
EndGlobal
